
Microsoft Visual Studio Solution File, Format Version 12.00
# Visual Studio 15
Project("{FAE04EC0-301F-11D3-BF4B-00C04F79EFBC}") = "Assembly-CSharp", "Assembly-CSharp.csproj", "{37F03656-DC6E-214B-285C-8B169A3B5F71}"
EndProject
Project("{FAE04EC0-301F-11D3-BF4B-00C04F79EFBC}") = "Assembly-CSharp-Editor", "Assembly-CSharp-Editor.csproj", "{A9E8317F-5B13-FD64-1F7D-948B2FFFED2C}"
EndProject
Global
	GlobalSection(SolutionConfigurationPlatforms) = preSolution
		Debug|Any CPU = Debug|Any CPU
		Release|Any CPU = Release|Any CPU
	EndGlobalSection
	GlobalSection(ProjectConfigurationPlatforms) = postSolution
		{37F03656-DC6E-214B-285C-8B169A3B5F71}.Debug|Any CPU.ActiveCfg = Debug|Any CPU
		{37F03656-DC6E-214B-285C-8B169A3B5F71}.Debug|Any CPU.Build.0 = Debug|Any CPU
		{37F03656-DC6E-214B-285C-8B169A3B5F71}.Release|Any CPU.ActiveCfg = Release|Any CPU
		{37F03656-DC6E-214B-285C-8B169A3B5F71}.Release|Any CPU.Build.0 = Release|Any CPU
		{A9E8317F-5B13-FD64-1F7D-948B2FFFED2C}.Debug|Any CPU.ActiveCfg = Debug|Any CPU
		{A9E8317F-5B13-FD64-1F7D-948B2FFFED2C}.Debug|Any CPU.Build.0 = Debug|Any CPU
		{A9E8317F-5B13-FD64-1F7D-948B2FFFED2C}.Release|Any CPU.ActiveCfg = Release|Any CPU
		{A9E8317F-5B13-FD64-1F7D-948B2FFFED2C}.Release|Any CPU.Build.0 = Release|Any CPU
	EndGlobalSection
	GlobalSection(SolutionProperties) = preSolution
		HideSolutionNode = FALSE
	EndGlobalSection
EndGlobal
